
Microsoft Visual Studio Solution File, Format Version 12.00
# Visual Studio 15
VisualStudioVersion = 15.0.26730.8
MinimumVisualStudioVersion = 10.0.40219.1
Project("{8BC9CEB8-8B4A-11D0-8D11-00A0C91BC942}") = "yee yee", "yee yee\yee yee.vcxproj", "{7D510B51-A508-4E65-A98B-098A1746592E}"
EndProject
Global
	GlobalSection(SolutionConfigurationPlatforms) = preSolution
		Debug|x64 = Debug|x64
		Debug|x86 = Debug|x86
		Release|x64 = Release|x64
		Release|x86 = Release|x86
	EndGlobalSection
	GlobalSection(ProjectConfigurationPlatforms) = postSolution
		{7D510B51-A508-4E65-A98B-098A1746592E}.Debug|x64.ActiveCfg = Debug|x64
		{7D510B51-A508-4E65-A98B-098A1746592E}.Debug|x64.Build.0 = Debug|x64
		{7D510B51-A508-4E65-A98B-098A1746592E}.Debug|x86.ActiveCfg = Debug|Win32
		{7D510B51-A508-4E65-A98B-098A1746592E}.Debug|x86.Build.0 = Debug|Win32
		{7D510B51-A508-4E65-A98B-098A1746592E}.Release|x64.ActiveCfg = Release|x64
		{7D510B51-A508-4E65-A98B-098A1746592E}.Release|x64.Build.0 = Release|x64
		{7D510B51-A508-4E65-A98B-098A1746592E}.Release|x86.ActiveCfg = Release|Win32
		{7D510B51-A508-4E65-A98B-098A1746592E}.Release|x86.Build.0 = Release|Win32
	EndGlobalSection
	GlobalSection(SolutionProperties) = preSolution
		HideSolutionNode = FALSE
	EndGlobalSection
	GlobalSection(ExtensibilityGlobals) = postSolution
		SolutionGuid = {B3534B34-7BBD-4DA9-84A2-E22BDE6FBCF8}
	EndGlobalSection
EndGlobal
